{
  "name": "@luizcgvrj/plan-and-execute",
  "version": "0.4.0",
  "lockfileVersion": 3,
  "requires": true,
  "packages": {
    "": {
      "name": "@luizcgvrj/plan-and-execute",
      "version": "0.4.0",
      "license": "MIT",
      "bin": {
        "pae": "bin/plan-and-execute.js",
        "plan-and-execute": "bin/plan-and-execute.js"
      },
      "engines": {
        "node": ">=18.17"
      }
    }
  }
}
